
Microsoft Visual Studio Solution File, Format Version 12.00
# Visual Studio 2013
VisualStudioVersion = 12.0.21005.1
MinimumVisualStudioVersion = 10.0.40219.1
Project("{FAE04EC0-301F-11D3-BF4B-00C04F79EFBC}") = "HETraceSystem", "HETraceSystem\HETraceSystem.csproj", "{1D8B68F9-51E4-4E05-B9AB-9999A424B79B}"
EndProject
Project("{FAE04EC0-301F-11D3-BF4B-00C04F79EFBC}") = "DAL", "DAL\DAL.csproj", "{CEE2F5E3-8CF6-493E-8E49-378E62364FC9}"
EndProject
Project("{FAE04EC0-301F-11D3-BF4B-00C04F79EFBC}") = "MDL", "MDL\MDL.csproj", "{42A14B43-F453-4C04-B186-CC8800386D0C}"
EndProject
Project("{FAE04EC0-301F-11D3-BF4B-00C04F79EFBC}") = "KISControls", "KISControls\Source\KISControls.csproj", "{D57466BE-97D8-41DA-89B5-D43FBF06B18F}"
EndProject
Project("{FAE04EC0-301F-11D3-BF4B-00C04F79EFBC}") = "COMM", "COMM\COMM.csproj", "{97A9D9F0-A58D-4D51-9602-F10BF28E32F6}"
EndProject
Project("{FAE04EC0-301F-11D3-BF4B-00C04F79EFBC}") = "RawInput", "RawInput\RawInput.csproj", "{4143D085-38CF-4640-BB05-2FDFFAF94D76}"
EndProject
Project("{FAE04EC0-301F-11D3-BF4B-00C04F79EFBC}") = "PileBurner", "PileBurner\PileBurner.csproj", "{E2D8BE82-D6A1-4260-BDF4-2E7832E1D5BD}"
EndProject
Project("{FAE04EC0-301F-11D3-BF4B-00C04F79EFBC}") = "StationRoleInout", "StationRoleInout\StationRoleInout.csproj", "{3E66854E-7932-4EF1-8756-82A12EDD5737}"
EndProject
Global
	GlobalSection(SourceCodeControl) = preSolution
		SccNumberOfProjects = 6
		SccLocalPath0 = .
		SccProjectUniqueName1 = COMM\\COMM.csproj
		SccLocalPath1 = .
		SccProjectFilePathRelativizedFromConnection1 = COMM\\
		SccProjectUniqueName2 = HETraceSystem\\HETraceSystem.csproj
		SccLocalPath2 = .
		SccProjectFilePathRelativizedFromConnection2 = HETraceSystem\\
		SccProjectUniqueName3 = KISControls\\Source\\KISControls.csproj
		SccLocalPath3 = .
		SccProjectFilePathRelativizedFromConnection3 = KISControls\\Source\\
		SccProjectUniqueName4 = PileBurner\\PileBurner.csproj
		SccLocalPath4 = .
		SccProjectFilePathRelativizedFromConnection4 = PileBurner\\
		SccProjectUniqueName5 = RawInput\\RawInput.csproj
		SccLocalPath5 = .
		SccProjectFilePathRelativizedFromConnection5 = RawInput\\
	EndGlobalSection
	GlobalSection(SolutionConfigurationPlatforms) = preSolution
		Debug|Any CPU = Debug|Any CPU
		Debug|Mixed Platforms = Debug|Mixed Platforms
		Debug|x64 = Debug|x64
		Debug|x86 = Debug|x86
		Release|Any CPU = Release|Any CPU
		Release|Mixed Platforms = Release|Mixed Platforms
		Release|x64 = Release|x64
		Release|x86 = Release|x86
		x86|Any CPU = x86|Any CPU
		x86|Mixed Platforms = x86|Mixed Platforms
		x86|x64 = x86|x64
		x86|x86 = x86|x86
	EndGlobalSection
	GlobalSection(ProjectConfigurationPlatforms) = postSolution
		{1D8B68F9-51E4-4E05-B9AB-9999A424B79B}.Debug|Any CPU.ActiveCfg = Debug|Any CPU
		{1D8B68F9-51E4-4E05-B9AB-9999A424B79B}.Debug|Any CPU.Build.0 = Debug|Any CPU
		{1D8B68F9-51E4-4E05-B9AB-9999A424B79B}.Debug|Mixed Platforms.ActiveCfg = Debug|x86
		{1D8B68F9-51E4-4E05-B9AB-9999A424B79B}.Debug|Mixed Platforms.Build.0 = Debug|x86
		{1D8B68F9-51E4-4E05-B9AB-9999A424B79B}.Debug|x64.ActiveCfg = Debug|Any CPU
		{1D8B68F9-51E4-4E05-B9AB-9999A424B79B}.Debug|x86.ActiveCfg = Debug|x86
		{1D8B68F9-51E4-4E05-B9AB-9999A424B79B}.Debug|x86.Build.0 = Debug|x86
		{1D8B68F9-51E4-4E05-B9AB-9999A424B79B}.Release|Any CPU.ActiveCfg = Release|Any CPU
		{1D8B68F9-51E4-4E05-B9AB-9999A424B79B}.Release|Any CPU.Build.0 = Release|Any CPU
		{1D8B68F9-51E4-4E05-B9AB-9999A424B79B}.Release|Mixed Platforms.ActiveCfg = Release|x86
		{1D8B68F9-51E4-4E05-B9AB-9999A424B79B}.Release|Mixed Platforms.Build.0 = Release|x86
		{1D8B68F9-51E4-4E05-B9AB-9999A424B79B}.Release|x64.ActiveCfg = Release|Any CPU
		{1D8B68F9-51E4-4E05-B9AB-9999A424B79B}.Release|x86.ActiveCfg = Release|x86
		{1D8B68F9-51E4-4E05-B9AB-9999A424B79B}.Release|x86.Build.0 = Release|x86
		{1D8B68F9-51E4-4E05-B9AB-9999A424B79B}.x86|Any CPU.ActiveCfg = Release|Any CPU
		{1D8B68F9-51E4-4E05-B9AB-9999A424B79B}.x86|Any CPU.Build.0 = Release|Any CPU
		{1D8B68F9-51E4-4E05-B9AB-9999A424B79B}.x86|Mixed Platforms.ActiveCfg = Release|x86
		{1D8B68F9-51E4-4E05-B9AB-9999A424B79B}.x86|Mixed Platforms.Build.0 = Release|x86
		{1D8B68F9-51E4-4E05-B9AB-9999A424B79B}.x86|x64.ActiveCfg = Release|Any CPU
		{1D8B68F9-51E4-4E05-B9AB-9999A424B79B}.x86|x86.ActiveCfg = Release|x86
		{1D8B68F9-51E4-4E05-B9AB-9999A424B79B}.x86|x86.Build.0 = Release|x86
		{CEE2F5E3-8CF6-493E-8E49-378E62364FC9}.Debug|Any CPU.ActiveCfg = Debug|Any CPU
		{CEE2F5E3-8CF6-493E-8E49-378E62364FC9}.Debug|Any CPU.Build.0 = Debug|Any CPU
		{CEE2F5E3-8CF6-493E-8E49-378E62364FC9}.Debug|Mixed Platforms.ActiveCfg = Debug|x86
		{CEE2F5E3-8CF6-493E-8E49-378E62364FC9}.Debug|Mixed Platforms.Build.0 = Debug|x86
		{CEE2F5E3-8CF6-493E-8E49-378E62364FC9}.Debug|x64.ActiveCfg = Debug|Any CPU
		{CEE2F5E3-8CF6-493E-8E49-378E62364FC9}.Debug|x86.ActiveCfg = Debug|x86
		{CEE2F5E3-8CF6-493E-8E49-378E62364FC9}.Debug|x86.Build.0 = Debug|x86
		{CEE2F5E3-8CF6-493E-8E49-378E62364FC9}.Release|Any CPU.ActiveCfg = Release|Any CPU
		{CEE2F5E3-8CF6-493E-8E49-378E62364FC9}.Release|Any CPU.Build.0 = Release|Any CPU
		{CEE2F5E3-8CF6-493E-8E49-378E62364FC9}.Release|Mixed Platforms.ActiveCfg = Release|x86
		{CEE2F5E3-8CF6-493E-8E49-378E62364FC9}.Release|Mixed Platforms.Build.0 = Release|x86
		{CEE2F5E3-8CF6-493E-8E49-378E62364FC9}.Release|x64.ActiveCfg = Release|Any CPU
		{CEE2F5E3-8CF6-493E-8E49-378E62364FC9}.Release|x86.ActiveCfg = Release|x86
		{CEE2F5E3-8CF6-493E-8E49-378E62364FC9}.Release|x86.Build.0 = Release|x86
		{CEE2F5E3-8CF6-493E-8E49-378E62364FC9}.x86|Any CPU.ActiveCfg = Release|Any CPU
		{CEE2F5E3-8CF6-493E-8E49-378E62364FC9}.x86|Any CPU.Build.0 = Release|Any CPU
		{CEE2F5E3-8CF6-493E-8E49-378E62364FC9}.x86|Mixed Platforms.ActiveCfg = Release|x86
		{CEE2F5E3-8CF6-493E-8E49-378E62364FC9}.x86|Mixed Platforms.Build.0 = Release|x86
		{CEE2F5E3-8CF6-493E-8E49-378E62364FC9}.x86|x64.ActiveCfg = Release|Any CPU
		{CEE2F5E3-8CF6-493E-8E49-378E62364FC9}.x86|x86.ActiveCfg = Release|x86
		{CEE2F5E3-8CF6-493E-8E49-378E62364FC9}.x86|x86.Build.0 = Release|x86
		{42A14B43-F453-4C04-B186-CC8800386D0C}.Debug|Any CPU.ActiveCfg = Debug|Any CPU
		{42A14B43-F453-4C04-B186-CC8800386D0C}.Debug|Any CPU.Build.0 = Debug|Any CPU
		{42A14B43-F453-4C04-B186-CC8800386D0C}.Debug|Mixed Platforms.ActiveCfg = Debug|x86
		{42A14B43-F453-4C04-B186-CC8800386D0C}.Debug|Mixed Platforms.Build.0 = Debug|x86
		{42A14B43-F453-4C04-B186-CC8800386D0C}.Debug|x64.ActiveCfg = Debug|Any CPU
		{42A14B43-F453-4C04-B186-CC8800386D0C}.Debug|x86.ActiveCfg = Debug|x86
		{42A14B43-F453-4C04-B186-CC8800386D0C}.Debug|x86.Build.0 = Debug|x86
		{42A14B43-F453-4C04-B186-CC8800386D0C}.Release|Any CPU.ActiveCfg = Release|Any CPU
		{42A14B43-F453-4C04-B186-CC8800386D0C}.Release|Any CPU.Build.0 = Release|Any CPU
		{42A14B43-F453-4C04-B186-CC8800386D0C}.Release|Mixed Platforms.ActiveCfg = Release|x86
		{42A14B43-F453-4C04-B186-CC8800386D0C}.Release|Mixed Platforms.Build.0 = Release|x86
		{42A14B43-F453-4C04-B186-CC8800386D0C}.Release|x64.ActiveCfg = Release|Any CPU
		{42A14B43-F453-4C04-B186-CC8800386D0C}.Release|x86.ActiveCfg = Release|x86
		{42A14B43-F453-4C04-B186-CC8800386D0C}.Release|x86.Build.0 = Release|x86
		{42A14B43-F453-4C04-B186-CC8800386D0C}.x86|Any CPU.ActiveCfg = Release|Any CPU
		{42A14B43-F453-4C04-B186-CC8800386D0C}.x86|Any CPU.Build.0 = Release|Any CPU
		{42A14B43-F453-4C04-B186-CC8800386D0C}.x86|Mixed Platforms.ActiveCfg = Release|x86
		{42A14B43-F453-4C04-B186-CC8800386D0C}.x86|Mixed Platforms.Build.0 = Release|x86
		{42A14B43-F453-4C04-B186-CC8800386D0C}.x86|x64.ActiveCfg = Release|Any CPU
		{42A14B43-F453-4C04-B186-CC8800386D0C}.x86|x86.ActiveCfg = Release|x86
		{42A14B43-F453-4C04-B186-CC8800386D0C}.x86|x86.Build.0 = Release|x86
		{D57466BE-97D8-41DA-89B5-D43FBF06B18F}.Debug|Any CPU.ActiveCfg = Debug|Any CPU
		{D57466BE-97D8-41DA-89B5-D43FBF06B18F}.Debug|Any CPU.Build.0 = Debug|Any CPU
		{D57466BE-97D8-41DA-89B5-D43FBF06B18F}.Debug|Mixed Platforms.ActiveCfg = Debug|x86
		{D57466BE-97D8-41DA-89B5-D43FBF06B18F}.Debug|Mixed Platforms.Build.0 = Debug|x86
		{D57466BE-97D8-41DA-89B5-D43FBF06B18F}.Debug|x64.ActiveCfg = Debug|Any CPU
		{D57466BE-97D8-41DA-89B5-D43FBF06B18F}.Debug|x86.ActiveCfg = Debug|x86
		{D57466BE-97D8-41DA-89B5-D43FBF06B18F}.Debug|x86.Build.0 = Debug|x86
		{D57466BE-97D8-41DA-89B5-D43FBF06B18F}.Release|Any CPU.ActiveCfg = Release|Any CPU
		{D57466BE-97D8-41DA-89B5-D43FBF06B18F}.Release|Any CPU.Build.0 = Release|Any CPU
		{D57466BE-97D8-41DA-89B5-D43FBF06B18F}.Release|Mixed Platforms.ActiveCfg = Release|x86
		{D57466BE-97D8-41DA-89B5-D43FBF06B18F}.Release|Mixed Platforms.Build.0 = Release|x86
		{D57466BE-97D8-41DA-89B5-D43FBF06B18F}.Release|x64.ActiveCfg = Release|Any CPU
		{D57466BE-97D8-41DA-89B5-D43FBF06B18F}.Release|x86.ActiveCfg = Release|x86
		{D57466BE-97D8-41DA-89B5-D43FBF06B18F}.Release|x86.Build.0 = Release|x86
		{D57466BE-97D8-41DA-89B5-D43FBF06B18F}.x86|Any CPU.ActiveCfg = Release|Any CPU
		{D57466BE-97D8-41DA-89B5-D43FBF06B18F}.x86|Any CPU.Build.0 = Release|Any CPU
		{D57466BE-97D8-41DA-89B5-D43FBF06B18F}.x86|Mixed Platforms.ActiveCfg = Release|x86
		{D57466BE-97D8-41DA-89B5-D43FBF06B18F}.x86|Mixed Platforms.Build.0 = Release|x86
		{D57466BE-97D8-41DA-89B5-D43FBF06B18F}.x86|x64.ActiveCfg = Release|Any CPU
		{D57466BE-97D8-41DA-89B5-D43FBF06B18F}.x86|x86.ActiveCfg = Release|x86
		{D57466BE-97D8-41DA-89B5-D43FBF06B18F}.x86|x86.Build.0 = Release|x86
		{97A9D9F0-A58D-4D51-9602-F10BF28E32F6}.Debug|Any CPU.ActiveCfg = Debug|Any CPU
		{97A9D9F0-A58D-4D51-9602-F10BF28E32F6}.Debug|Any CPU.Build.0 = Debug|Any CPU
		{97A9D9F0-A58D-4D51-9602-F10BF28E32F6}.Debug|Mixed Platforms.ActiveCfg = Debug|x86
		{97A9D9F0-A58D-4D51-9602-F10BF28E32F6}.Debug|Mixed Platforms.Build.0 = Debug|x86
		{97A9D9F0-A58D-4D51-9602-F10BF28E32F6}.Debug|x64.ActiveCfg = Debug|Any CPU
		{97A9D9F0-A58D-4D51-9602-F10BF28E32F6}.Debug|x86.ActiveCfg = Debug|x86
		{97A9D9F0-A58D-4D51-9602-F10BF28E32F6}.Debug|x86.Build.0 = Debug|x86
		{97A9D9F0-A58D-4D51-9602-F10BF28E32F6}.Release|Any CPU.ActiveCfg = Release|Any CPU
		{97A9D9F0-A58D-4D51-9602-F10BF28E32F6}.Release|Any CPU.Build.0 = Release|Any CPU
		{97A9D9F0-A58D-4D51-9602-F10BF28E32F6}.Release|Mixed Platforms.ActiveCfg = Release|x86
		{97A9D9F0-A58D-4D51-9602-F10BF28E32F6}.Release|Mixed Platforms.Build.0 = Release|x86
		{97A9D9F0-A58D-4D51-9602-F10BF28E32F6}.Release|x64.ActiveCfg = Release|Any CPU
		{97A9D9F0-A58D-4D51-9602-F10BF28E32F6}.Release|x86.ActiveCfg = Release|x86
		{97A9D9F0-A58D-4D51-9602-F10BF28E32F6}.Release|x86.Build.0 = Release|x86
		{97A9D9F0-A58D-4D51-9602-F10BF28E32F6}.x86|Any CPU.ActiveCfg = Release|Any CPU
		{97A9D9F0-A58D-4D51-9602-F10BF28E32F6}.x86|Any CPU.Build.0 = Release|Any CPU
		{97A9D9F0-A58D-4D51-9602-F10BF28E32F6}.x86|Mixed Platforms.ActiveCfg = Release|x86
		{97A9D9F0-A58D-4D51-9602-F10BF28E32F6}.x86|Mixed Platforms.Build.0 = Release|x86
		{97A9D9F0-A58D-4D51-9602-F10BF28E32F6}.x86|x64.ActiveCfg = Release|Any CPU
		{97A9D9F0-A58D-4D51-9602-F10BF28E32F6}.x86|x86.ActiveCfg = Release|x86
		{97A9D9F0-A58D-4D51-9602-F10BF28E32F6}.x86|x86.Build.0 = Release|x86
		{4143D085-38CF-4640-BB05-2FDFFAF94D76}.Debug|Any CPU.ActiveCfg = Debug|Any CPU
		{4143D085-38CF-4640-BB05-2FDFFAF94D76}.Debug|Any CPU.Build.0 = Debug|Any CPU
		{4143D085-38CF-4640-BB05-2FDFFAF94D76}.Debug|Mixed Platforms.ActiveCfg = Debug|x86
		{4143D085-38CF-4640-BB05-2FDFFAF94D76}.Debug|Mixed Platforms.Build.0 = Debug|x86
		{4143D085-38CF-4640-BB05-2FDFFAF94D76}.Debug|x64.ActiveCfg = Debug|x64
		{4143D085-38CF-4640-BB05-2FDFFAF94D76}.Debug|x64.Build.0 = Debug|x64
		{4143D085-38CF-4640-BB05-2FDFFAF94D76}.Debug|x86.ActiveCfg = Debug|x86
		{4143D085-38CF-4640-BB05-2FDFFAF94D76}.Debug|x86.Build.0 = Debug|x86
		{4143D085-38CF-4640-BB05-2FDFFAF94D76}.Release|Any CPU.ActiveCfg = Release|Any CPU
		{4143D085-38CF-4640-BB05-2FDFFAF94D76}.Release|Any CPU.Build.0 = Release|Any CPU
		{4143D085-38CF-4640-BB05-2FDFFAF94D76}.Release|Mixed Platforms.ActiveCfg = Release|x86
		{4143D085-38CF-4640-BB05-2FDFFAF94D76}.Release|Mixed Platforms.Build.0 = Release|x86
		{4143D085-38CF-4640-BB05-2FDFFAF94D76}.Release|x64.ActiveCfg = Release|x64
		{4143D085-38CF-4640-BB05-2FDFFAF94D76}.Release|x64.Build.0 = Release|x64
		{4143D085-38CF-4640-BB05-2FDFFAF94D76}.Release|x86.ActiveCfg = Release|x86
		{4143D085-38CF-4640-BB05-2FDFFAF94D76}.Release|x86.Build.0 = Release|x86
		{4143D085-38CF-4640-BB05-2FDFFAF94D76}.x86|Any CPU.ActiveCfg = Release|Any CPU
		{4143D085-38CF-4640-BB05-2FDFFAF94D76}.x86|Any CPU.Build.0 = Release|Any CPU
		{4143D085-38CF-4640-BB05-2FDFFAF94D76}.x86|Mixed Platforms.ActiveCfg = Release|x86
		{4143D085-38CF-4640-BB05-2FDFFAF94D76}.x86|Mixed Platforms.Build.0 = Release|x86
		{4143D085-38CF-4640-BB05-2FDFFAF94D76}.x86|x64.ActiveCfg = Release|x64
		{4143D085-38CF-4640-BB05-2FDFFAF94D76}.x86|x64.Build.0 = Release|x64
		{4143D085-38CF-4640-BB05-2FDFFAF94D76}.x86|x86.ActiveCfg = Release|x86
		{4143D085-38CF-4640-BB05-2FDFFAF94D76}.x86|x86.Build.0 = Release|x86
		{E2D8BE82-D6A1-4260-BDF4-2E7832E1D5BD}.Debug|Any CPU.ActiveCfg = Debug|Any CPU
		{E2D8BE82-D6A1-4260-BDF4-2E7832E1D5BD}.Debug|Any CPU.Build.0 = Debug|Any CPU
		{E2D8BE82-D6A1-4260-BDF4-2E7832E1D5BD}.Debug|Mixed Platforms.ActiveCfg = Debug|Any CPU
		{E2D8BE82-D6A1-4260-BDF4-2E7832E1D5BD}.Debug|Mixed Platforms.Build.0 = Debug|Any CPU
		{E2D8BE82-D6A1-4260-BDF4-2E7832E1D5BD}.Debug|x64.ActiveCfg = Debug|Any CPU
		{E2D8BE82-D6A1-4260-BDF4-2E7832E1D5BD}.Debug|x86.ActiveCfg = Debug|Any CPU
		{E2D8BE82-D6A1-4260-BDF4-2E7832E1D5BD}.Release|Any CPU.ActiveCfg = Release|Any CPU
		{E2D8BE82-D6A1-4260-BDF4-2E7832E1D5BD}.Release|Any CPU.Build.0 = Release|Any CPU
		{E2D8BE82-D6A1-4260-BDF4-2E7832E1D5BD}.Release|Mixed Platforms.ActiveCfg = Release|Any CPU
		{E2D8BE82-D6A1-4260-BDF4-2E7832E1D5BD}.Release|Mixed Platforms.Build.0 = Release|Any CPU
		{E2D8BE82-D6A1-4260-BDF4-2E7832E1D5BD}.Release|x64.ActiveCfg = Release|Any CPU
		{E2D8BE82-D6A1-4260-BDF4-2E7832E1D5BD}.Release|x86.ActiveCfg = Release|Any CPU
		{E2D8BE82-D6A1-4260-BDF4-2E7832E1D5BD}.x86|Any CPU.ActiveCfg = x86|Any CPU
		{E2D8BE82-D6A1-4260-BDF4-2E7832E1D5BD}.x86|Any CPU.Build.0 = x86|Any CPU
		{E2D8BE82-D6A1-4260-BDF4-2E7832E1D5BD}.x86|Mixed Platforms.ActiveCfg = x86|Any CPU
		{E2D8BE82-D6A1-4260-BDF4-2E7832E1D5BD}.x86|Mixed Platforms.Build.0 = x86|Any CPU
		{E2D8BE82-D6A1-4260-BDF4-2E7832E1D5BD}.x86|x64.ActiveCfg = x86|Any CPU
		{E2D8BE82-D6A1-4260-BDF4-2E7832E1D5BD}.x86|x86.ActiveCfg = x86|Any CPU
		{3E66854E-7932-4EF1-8756-82A12EDD5737}.Debug|Any CPU.ActiveCfg = Debug|Any CPU
		{3E66854E-7932-4EF1-8756-82A12EDD5737}.Debug|Any CPU.Build.0 = Debug|Any CPU
		{3E66854E-7932-4EF1-8756-82A12EDD5737}.Debug|Mixed Platforms.ActiveCfg = Debug|Any CPU
		{3E66854E-7932-4EF1-8756-82A12EDD5737}.Debug|Mixed Platforms.Build.0 = Debug|Any CPU
		{3E66854E-7932-4EF1-8756-82A12EDD5737}.Debug|x64.ActiveCfg = Debug|Any CPU
		{3E66854E-7932-4EF1-8756-82A12EDD5737}.Debug|x86.ActiveCfg = Debug|Any CPU
		{3E66854E-7932-4EF1-8756-82A12EDD5737}.Release|Any CPU.ActiveCfg = Release|Any CPU
		{3E66854E-7932-4EF1-8756-82A12EDD5737}.Release|Any CPU.Build.0 = Release|Any CPU
		{3E66854E-7932-4EF1-8756-82A12EDD5737}.Release|Mixed Platforms.ActiveCfg = Release|Any CPU
		{3E66854E-7932-4EF1-8756-82A12EDD5737}.Release|Mixed Platforms.Build.0 = Release|Any CPU
		{3E66854E-7932-4EF1-8756-82A12EDD5737}.Release|x64.ActiveCfg = Release|Any CPU
		{3E66854E-7932-4EF1-8756-82A12EDD5737}.Release|x86.ActiveCfg = Release|Any CPU
		{3E66854E-7932-4EF1-8756-82A12EDD5737}.x86|Any CPU.ActiveCfg = Release|Any CPU
		{3E66854E-7932-4EF1-8756-82A12EDD5737}.x86|Any CPU.Build.0 = Release|Any CPU
		{3E66854E-7932-4EF1-8756-82A12EDD5737}.x86|Mixed Platforms.ActiveCfg = Release|Any CPU
		{3E66854E-7932-4EF1-8756-82A12EDD5737}.x86|Mixed Platforms.Build.0 = Release|Any CPU
		{3E66854E-7932-4EF1-8756-82A12EDD5737}.x86|x64.ActiveCfg = Release|Any CPU
		{3E66854E-7932-4EF1-8756-82A12EDD5737}.x86|x86.ActiveCfg = Release|Any CPU
	EndGlobalSection
	GlobalSection(SolutionProperties) = preSolution
		HideSolutionNode = FALSE
	EndGlobalSection
EndGlobal
